
Microsoft Visual Studio Solution File, Format Version 12.00
# Visual Studio Version 18
VisualStudioVersion = 18.1.11312.151 d18.0
MinimumVisualStudioVersion = 10.0.40219.1
Project("{FAE04EC0-301F-11D3-BF4B-00C04F79EFBC}") = "OpalToolsTutorial.Web", "OpalToolsTutorial.Web\OpalToolsTutorial.Web.csproj", "{6602ED40-49DE-1A22-EF7B-FB40F84AAA5F}"
EndProject
Global
	GlobalSection(SolutionConfigurationPlatforms) = preSolution
		Debug|Any CPU = Debug|Any CPU
		Release|Any CPU = Release|Any CPU
	EndGlobalSection
	GlobalSection(ProjectConfigurationPlatforms) = postSolution
		{6602ED40-49DE-1A22-EF7B-FB40F84AAA5F}.Debug|Any CPU.ActiveCfg = Debug|Any CPU
		{6602ED40-49DE-1A22-EF7B-FB40F84AAA5F}.Debug|Any CPU.Build.0 = Debug|Any CPU
		{6602ED40-49DE-1A22-EF7B-FB40F84AAA5F}.Release|Any CPU.ActiveCfg = Release|Any CPU
		{6602ED40-49DE-1A22-EF7B-FB40F84AAA5F}.Release|Any CPU.Build.0 = Release|Any CPU
	EndGlobalSection
	GlobalSection(SolutionProperties) = preSolution
		HideSolutionNode = FALSE
	EndGlobalSection
	GlobalSection(ExtensibilityGlobals) = postSolution
		SolutionGuid = {614773AD-3011-4C87-8B2F-5EFC7BB52A89}
	EndGlobalSection
EndGlobal
